// !$*UTF8*$!
{
	archiveVersion = 1;
	classes = {
	};
	objectVersion = 46;
	objects = {

/* Begin PBXBuildFile section */
		28716DB01D702BA900BAF1D7 /* main.m in Sources */ = {isa = PBXBuildFile; fileRef = 28716DAF1D702BA900BAF1D7 /* main.m */; };
		28716DB31D702BA900BAF1D7 /* AppDelegate.m in Sources */ = {isa = PBXBuildFile; fileRef = 28716DB21D702BA900BAF1D7 /* AppDelegate.m */; };
		28716DB61D702BA900BAF1D7 /* ViewController.m in Sources */ = {isa = PBXBuildFile; fileRef = 28716DB51D702BA900BAF1D7 /* ViewController.m */; };
		28716DB91D702BA900BAF1D7 /* Main.storyboard in Resources */ = {isa = PBXBuildFile; fileRef = 28716DB71D702BA900BAF1D7 /* Main.storyboard */; };
		28716DBB1D702BA900BAF1D7 /* Assets.xcassets in Resources */ = {isa = PBXBuildFile; fileRef = 28716DBA1D702BA900BAF1D7 /* Assets.xcassets */; };
		28716DBE1D702BA900BAF1D7 /* LaunchScreen.storyboard in Resources */ = {isa = PBXBuildFile; fileRef = 28716DBC1D702BA900BAF1D7 /* LaunchScreen.storyboard */; };
		28716DC91D702BA900BAF1D7 /* LSLaunchADTests.m in Sources */ = {isa = PBXBuildFile; fileRef = 28716DC81D702BA900BAF1D7 /* LSLaunchADTests.m */; };
		28716DD41D702BAA00BAF1D7 /* LSLaunchADUITests.m in Sources */ = {isa = PBXBuildFile; fileRef = 28716DD31D702BAA00BAF1D7 /* LSLaunchADUITests.m */; };
		28716DE41D702D7300BAF1D7 /* LSLaunchAD.m in Sources */ = {isa = PBXBuildFile; fileRef = 28716DE31D702D7300BAF1D7 /* LSLaunchAD.m */; };
		28716E321D703B4C00BAF1D7 /* LICENSE in Resources */ = {isa = PBXBuildFile; fileRef = 28716E121D703B4C00BAF1D7 /* LICENSE */; };
		28716E331D703B4C00BAF1D7 /* README.md in Sources */ = {isa = PBXBuildFile; fileRef = 28716E131D703B4C00BAF1D7 /* README.md */; };
		28716E341D703B4C00BAF1D7 /* NSData+ImageContentType.m in Sources */ = {isa = PBXBuildFile; fileRef = 28716E161D703B4C00BAF1D7 /* NSData+ImageContentType.m */; };
		28716E351D703B4C00BAF1D7 /* SDImageCache.m in Sources */ = {isa = PBXBuildFile; fileRef = 28716E181D703B4C00BAF1D7 /* SDImageCache.m */; };
		28716E361D703B4C00BAF1D7 /* SDWebImageCompat.m in Sources */ = {isa = PBXBuildFile; fileRef = 28716E1A1D703B4C00BAF1D7 /* SDWebImageCompat.m */; };
		28716E371D703B4C00BAF1D7 /* SDWebImageDecoder.m in Sources */ = {isa = PBXBuildFile; fileRef = 28716E1C1D703B4C00BAF1D7 /* SDWebImageDecoder.m */; };
		28716E381D703B4C00BAF1D7 /* SDWebImageDownloader.m in Sources */ = {isa = PBXBuildFile; fileRef = 28716E1E1D703B4C00BAF1D7 /* SDWebImageDownloader.m */; };
		28716E391D703B4C00BAF1D7 /* SDWebImageDownloaderOperation.m in Sources */ = {isa = PBXBuildFile; fileRef = 28716E201D703B4C00BAF1D7 /* SDWebImageDownloaderOperation.m */; };
		28716E3A1D703B4C00BAF1D7 /* SDWebImageManager.m in Sources */ = {isa = PBXBuildFile; fileRef = 28716E221D703B4C00BAF1D7 /* SDWebImageManager.m */; };
		28716E3B1D703B4C00BAF1D7 /* SDWebImagePrefetcher.m in Sources */ = {isa = PBXBuildFile; fileRef = 28716E251D703B4C00BAF1D7 /* SDWebImagePrefetcher.m */; };
		28716E3C1D703B4C00BAF1D7 /* UIButton+WebCache.m in Sources */ = {isa = PBXBuildFile; fileRef = 28716E271D703B4C00BAF1D7 /* UIButton+WebCache.m */; };
		28716E3D1D703B4C00BAF1D7 /* UIImage+GIF.m in Sources */ = {isa = PBXBuildFile; fileRef = 28716E291D703B4C00BAF1D7 /* UIImage+GIF.m */; };
		28716E3E1D703B4C00BAF1D7 /* UIImage+MultiFormat.m in Sources */ = {isa = PBXBuildFile; fileRef = 28716E2B1D703B4C00BAF1D7 /* UIImage+MultiFormat.m */; };
		28716E3F1D703B4C00BAF1D7 /* UIImageView+HighlightedWebCache.m in Sources */ = {isa = PBXBuildFile; fileRef = 28716E2D1D703B4C00BAF1D7 /* UIImageView+HighlightedWebCache.m */; };
		28716E401D703B4C00BAF1D7 /* UIImageView+WebCache.m in Sources */ = {isa = PBXBuildFile; fileRef = 28716E2F1D703B4C00BAF1D7 /* UIImageView+WebCache.m */; };
		28716E411D703B4C00BAF1D7 /* UIView+WebCacheOperation.m in Sources */ = {isa = PBXBuildFile; fileRef = 28716E311D703B4C00BAF1D7 /* UIView+WebCacheOperation.m */; };
/* End PBXBuildFile section */

/* Begin PBXContainerItemProxy section */
		28716DC51D702BA900BAF1D7 /* PBXContainerItemProxy */ = {
			isa = PBXContainerItemProxy;
			containerPortal = 28716DA31D702BA900BAF1D7 /* Project object */;
			proxyType = 1;
			remoteGlobalIDString = 28716DAA1D702BA900BAF1D7;
			remoteInfo = LSLaunchAD;
		};
		28716DD01D702BA900BAF1D7 /* PBXContainerItemProxy */ = {
			isa = PBXContainerItemProxy;
			containerPortal = 28716DA31D702BA900BAF1D7 /* Project object */;
			proxyType = 1;
			remoteGlobalIDString = 28716DAA1D702BA900BAF1D7;
			remoteInfo = LSLaunchAD;
		};
/* End PBXContainerItemProxy section */

/* Begin PBXFileReference section */
		28716DAB1D702BA900BAF1D7 /* LSLaunchAD.app */ = {isa = PBXFileReference; explicitFileType = wrapper.application; includeInIndex = 0; path = LSLaunchAD.app; sourceTree = BUILT_PRODUCTS_DIR; };
		28716DAF1D702BA900BAF1D7 /* main.m */ = {isa = PBXFileReference; lastKnownFileType = sourcecode.c.objc; path = main.m; sourceTree = "<group>"; };
		28716DB11D702BA900BAF1D7 /* AppDelegate.h */ = {isa = PBXFileReference; lastKnownFileType = sourcecode.c.h; path = AppDelegate.h; sourceTree = "<group>"; };
		28716DB21D702BA900BAF1D7 /* AppDelegate.m */ = {isa = PBXFileReference; lastKnownFileType = sourcecode.c.objc; path = AppDelegate.m; sourceTree = "<group>"; };
		28716DB41D702BA900BAF1D7 /* ViewController.h */ = {isa = PBXFileReference; lastKnownFileType = sourcecode.c.h; path = ViewController.h; sourceTree = "<group>"; };
		28716DB51D702BA900BAF1D7 /* ViewController.m */ = {isa = PBXFileReference; lastKnownFileType = sourcecode.c.objc; path = ViewController.m; sourceTree = "<group>"; };
		28716DB81D702BA900BAF1D7 /* Base */ = {isa = PBXFileReference; lastKnownFileType = file.storyboard; name = Base; path = Base.lproj/Main.storyboard; sourceTree = "<group>"; };
		28716DBA1D702BA900BAF1D7 /* Assets.xcassets */ = {isa = PBXFileReference; lastKnownFileType = folder.assetcatalog; path = Assets.xcassets; sourceTree = "<group>"; };
		28716DBD1D702BA900BAF1D7 /* Base */ = {isa = PBXFileReference; lastKnownFileType = file.storyboard; name = Base; path = Base.lproj/LaunchScreen.storyboard; sourceTree = "<group>"; };
		28716DBF1D702BA900BAF1D7 /* Info.plist */ = {isa = PBXFileReference; lastKnownFileType = text.plist.xml; path = Info.plist; sourceTree = "<group>"; };
		28716DC41D702BA900BAF1D7 /* LSLaunchADTests.xctest */ = {isa = PBXFileReference; explicitFileType = wrapper.cfbundle; includeInIndex = 0; path = LSLaunchADTests.xctest; sourceTree = BUILT_PRODUCTS_DIR; };
		28716DC81D702BA900BAF1D7 /* LSLaunchADTests.m */ = {isa = PBXFileReference; lastKnownFileType = sourcecode.c.objc; path = LSLaunchADTests.m; sourceTree = "<group>"; };
		28716DCA1D702BA900BAF1D7 /* Info.plist */ = {isa = PBXFileReference; lastKnownFileType = text.plist.xml; path = Info.plist; sourceTree = "<group>"; };
		28716DCF1D702BA900BAF1D7 /* LSLaunchADUITests.xctest */ = {isa = PBXFileReference; explicitFileType = wrapper.cfbundle; includeInIndex = 0; path = LSLaunchADUITests.xctest; sourceTree = BUILT_PRODUCTS_DIR; };
		28716DD31D702BAA00BAF1D7 /* LSLaunchADUITests.m */ = {isa = PBXFileReference; lastKnownFileType = sourcecode.c.objc; path = LSLaunchADUITests.m; sourceTree = "<group>"; };
		28716DD51D702BAA00BAF1D7 /* Info.plist */ = {isa = PBXFileReference; lastKnownFileType = text.plist.xml; path = Info.plist; sourceTree = "<group>"; };
		28716DE21D702D7300BAF1D7 /* LSLaunchAD.h */ = {isa = PBXFileReference; fileEncoding = 4; lastKnownFileType = sourcecode.c.h; path = LSLaunchAD.h; sourceTree = "<group>"; };
		28716DE31D702D7300BAF1D7 /* LSLaunchAD.m */ = {isa = PBXFileReference; fileEncoding = 4; lastKnownFileType = sourcecode.c.objc; path = LSLaunchAD.m; sourceTree = "<group>"; };
		28716E121D703B4C00BAF1D7 /* LICENSE */ = {isa = PBXFileReference; fileEncoding = 4; lastKnownFileType = text; path = LICENSE; sourceTree = "<group>"; };
		28716E131D703B4C00BAF1D7 /* README.md */ = {isa = PBXFileReference; fileEncoding = 4; lastKnownFileType = net.daringfireball.markdown; path = README.md; sourceTree = "<group>"; };
		28716E151D703B4C00BAF1D7 /* NSData+ImageContentType.h */ = {isa = PBXFileReference; fileEncoding = 4; lastKnownFileType = sourcecode.c.h; path = "NSData+ImageContentType.h"; sourceTree = "<group>"; };
		28716E161D703B4C00BAF1D7 /* NSData+ImageContentType.m */ = {isa = PBXFileReference; fileEncoding = 4; lastKnownFileType = sourcecode.c.objc; path = "NSData+ImageContentType.m"; sourceTree = "<group>"; };
		28716E171D703B4C00BAF1D7 /* SDImageCache.h */ = {isa = PBXFileReference; fileEncoding = 4; lastKnownFileType = sourcecode.c.h; path = SDImageCache.h; sourceTree = "<group>"; };
		28716E181D703B4C00BAF1D7 /* SDImageCache.m */ = {isa = PBXFileReference; fileEncoding = 4; lastKnownFileType = sourcecode.c.objc; path = SDImageCache.m; sourceTree = "<group>"; };
		28716E191D703B4C00BAF1D7 /* SDWebImageCompat.h */ = {isa = PBXFileReference; fileEncoding = 4; lastKnownFileType = sourcecode.c.h; path = SDWebImageCompat.h; sourceTree = "<group>"; };
		28716E1A1D703B4C00BAF1D7 /* SDWebImageCompat.m */ = {isa = PBXFileReference; fileEncoding = 4; lastKnownFileType = sourcecode.c.objc; path = SDWebImageCompat.m; sourceTree = "<group>"; };
		28716E1B1D703B4C00BAF1D7 /* SDWebImageDecoder.h */ = {isa = PBXFileReference; fileEncoding = 4; lastKnownFileType = sourcecode.c.h; path = SDWebImageDecoder.h; sourceTree = "<group>"; };
		28716E1C1D703B4C00BAF1D7 /* SDWebImageDecoder.m */ = {isa = PBXFileReference; fileEncoding = 4; lastKnownFileType = sourcecode.c.objc; path = SDWebImageDecoder.m; sourceTree = "<group>"; };
		28716E1D1D703B4C00BAF1D7 /* SDWebImageDownloader.h */ = {isa = PBXFileReference; fileEncoding = 4; lastKnownFileType = sourcecode.c.h; path = SDWebImageDownloader.h; sourceTree = "<group>"; };
		28716E1E1D703B4C00BAF1D7 /* SDWebImageDownloader.m */ = {isa = PBXFileReference; fileEncoding = 4; lastKnownFileType = sourcecode.c.objc; path = SDWebImageDownloader.m; sourceTree = "<group>"; };
		28716E1F1D703B4C00BAF1D7 /* SDWebImageDownloaderOperation.h */ = {isa = PBXFileReference; fileEncoding = 4; lastKnownFileType = sourcecode.c.h; path = SDWebImageDownloaderOperation.h; sourceTree = "<group>"; };
		28716E201D703B4C00BAF1D7 /* SDWebImageDownloaderOperation.m */ = {isa = PBXFileReference; fileEncoding = 4; lastKnownFileType = sourcecode.c.objc; path = SDWebImageDownloaderOperation.m; sourceTree = "<group>"; };
		28716E211D703B4C00BAF1D7 /* SDWebImageManager.h */ = {isa = PBXFileReference; fileEncoding = 4; lastKnownFileType = sourcecode.c.h; path = SDWebImageManager.h; sourceTree = "<group>"; };
		28716E221D703B4C00BAF1D7 /* SDWebImageManager.m */ = {isa = PBXFileReference; fileEncoding = 4; lastKnownFileType = sourcecode.c.objc; path = SDWebImageManager.m; sourceTree = "<group>"; };
		28716E231D703B4C00BAF1D7 /* SDWebImageOperation.h */ = {isa = PBXFileReference; fileEncoding = 4; lastKnownFileType = sourcecode.c.h; path = SDWebImageOperation.h; sourceTree = "<group>"; };
		28716E241D703B4C00BAF1D7 /* SDWebImagePrefetcher.h */ = {isa = PBXFileReference; fileEncoding = 4; lastKnownFileType = sourcecode.c.h; path = SDWebImagePrefetcher.h; sourceTree = "<group>"; };
		28716E251D703B4C00BAF1D7 /* SDWebImagePrefetcher.m */ = {isa = PBXFileReference; fileEncoding = 4; lastKnownFileType = sourcecode.c.objc; path = SDWebImagePrefetcher.m; sourceTree = "<group>"; };
		28716E261D703B4C00BAF1D7 /* UIButton+WebCache.h */ = {isa = PBXFileReference; fileEncoding = 4; lastKnownFileType = sourcecode.c.h; path = "UIButton+WebCache.h"; sourceTree = "<group>"; };
		28716E271D703B4C00BAF1D7 /* UIButton+WebCache.m */ = {isa = PBXFileReference; fileEncoding = 4; lastKnownFileType = sourcecode.c.objc; path = "UIButton+WebCache.m"; sourceTree = "<group>"; };
		28716E281D703B4C00BAF1D7 /* UIImage+GIF.h */ = {isa = PBXFileReference; fileEncoding = 4; lastKnownFileType = sourcecode.c.h; path = "UIImage+GIF.h"; sourceTree = "<group>"; };
		28716E291D703B4C00BAF1D7 /* UIImage+GIF.m */ = {isa = PBXFileReference; fileEncoding = 4; lastKnownFileType = sourcecode.c.objc; path = "UIImage+GIF.m"; sourceTree = "<group>"; };
		28716E2A1D703B4C00BAF1D7 /* UIImage+MultiFormat.h */ = {isa = PBXFileReference; fileEncoding = 4; lastKnownFileType = sourcecode.c.h; path = "UIImage+MultiFormat.h"; sourceTree = "<group>"; };
		28716E2B1D703B4C00BAF1D7 /* UIImage+MultiFormat.m */ = {isa = PBXFileReference; fileEncoding = 4; lastKnownFileType = sourcecode.c.objc; path = "UIImage+MultiFormat.m"; sourceTree = "<group>"; };
		28716E2C1D703B4C00BAF1D7 /* UIImageView+HighlightedWebCache.h */ = {isa = PBXFileReference; fileEncoding = 4; lastKnownFileType = sourcecode.c.h; path = "UIImageView+HighlightedWebCache.h"; sourceTree = "<group>"; };
		28716E2D1D703B4C00BAF1D7 /* UIImageView+HighlightedWebCache.m */ = {isa = PBXFileReference; fileEncoding = 4; lastKnownFileType = sourcecode.c.objc; path = "UIImageView+HighlightedWebCache.m"; sourceTree = "<group>"; };
		28716E2E1D703B4C00BAF1D7 /* UIImageView+WebCache.h */ = {isa = PBXFileReference; fileEncoding = 4; lastKnownFileType = sourcecode.c.h; path = "UIImageView+WebCache.h"; sourceTree = "<group>"; };
		28716E2F1D703B4C00BAF1D7 /* UIImageView+WebCache.m */ = {isa = PBXFileReference; fileEncoding = 4; lastKnownFileType = sourcecode.c.objc; path = "UIImageView+WebCache.m"; sourceTree = "<group>"; };
		28716E301D703B4C00BAF1D7 /* UIView+WebCacheOperation.h */ = {isa = PBXFileReference; fileEncoding = 4; lastKnownFileType = sourcecode.c.h; path = "UIView+WebCacheOperation.h"; sourceTree = "<group>"; };
		28716E311D703B4C00BAF1D7 /* UIView+WebCacheOperation.m */ = {isa = PBXFileReference; fileEncoding = 4; lastKnownFileType = sourcecode.c.objc; path = "UIView+WebCacheOperation.m"; sourceTree = "<group>"; };
/* End PBXFileReference section */

/* Begin PBXFrameworksBuildPhase section */
		28716DA81D702BA900BAF1D7 /* Frameworks */ = {
			isa = PBXFrameworksBuildPhase;
			buildActionMask = 2147483647;
			files = (
			);
			runOnlyForDeploymentPostprocessing = 0;
		};
		28716DC11D702BA900BAF1D7 /* Frameworks */ = {
			isa = PBXFrameworksBuildPhase;
			buildActionMask = 2147483647;
			files = (
			);
			runOnlyForDeploymentPostprocessing = 0;
		};
		28716DCC1D702BA900BAF1D7 /* Frameworks */ = {
			isa = PBXFrameworksBuildPhase;
			buildActionMask = 2147483647;
			files = (
			);
			runOnlyForDeploymentPostprocessing = 0;
		};
/* End PBXFrameworksBuildPhase section */

/* Begin PBXGroup section */
		28716DA21D702BA900BAF1D7 = {
			isa = PBXGroup;
			children = (
				28716DAD1D702BA900BAF1D7 /* LSLaunchAD */,
				28716DC71D702BA900BAF1D7 /* LSLaunchADTests */,
				28716DD21D702BA900BAF1D7 /* LSLaunchADUITests */,
				28716DAC1D702BA900BAF1D7 /* Products */,
			);
			sourceTree = "<group>";
		};
		28716DAC1D702BA900BAF1D7 /* Products */ = {
			isa = PBXGroup;
			children = (
				28716DAB1D702BA900BAF1D7 /* LSLaunchAD.app */,
				28716DC41D702BA900BAF1D7 /* LSLaunchADTests.xctest */,
				28716DCF1D702BA900BAF1D7 /* LSLaunchADUITests.xctest */,
			);
			name = Products;
			sourceTree = "<group>";
		};
		28716DAD1D702BA900BAF1D7 /* LSLaunchAD */ = {
			isa = PBXGroup;
			children = (
				28716E111D703B4C00BAF1D7 /* SDWebImage */,
				28716DE11D702D6900BAF1D7 /* LSLaunchAD */,
				28716DB11D702BA900BAF1D7 /* AppDelegate.h */,
				28716DB21D702BA900BAF1D7 /* AppDelegate.m */,
				28716DB41D702BA900BAF1D7 /* ViewController.h */,
				28716DB51D702BA900BAF1D7 /* ViewController.m */,
				28716DB71D702BA900BAF1D7 /* Main.storyboard */,
				28716DBA1D702BA900BAF1D7 /* Assets.xcassets */,
				28716DBC1D702BA900BAF1D7 /* LaunchScreen.storyboard */,
				28716DBF1D702BA900BAF1D7 /* Info.plist */,
				28716DAE1D702BA900BAF1D7 /* Supporting Files */,
			);
			path = LSLaunchAD;
			sourceTree = "<group>";
		};
		28716DAE1D702BA900BAF1D7 /* Supporting Files */ = {
			isa = PBXGroup;
			children = (
				28716DAF1D702BA900BAF1D7 /* main.m */,
			);
			name = "Supporting Files";
			sourceTree = "<group>";
		};
		28716DC71D702BA900BAF1D7 /* LSLaunchADTests */ = {
			isa = PBXGroup;
			children = (
				28716DC81D702BA900BAF1D7 /* LSLaunchADTests.m */,
				28716DCA1D702BA900BAF1D7 /* Info.plist */,
			);
			path = LSLaunchADTests;
			sourceTree = "<group>";
		};
		28716DD21D702BA900BAF1D7 /* LSLaunchADUITests */ = {
			isa = PBXGroup;
			children = (
				28716DD31D702BAA00BAF1D7 /* LSLaunchADUITests.m */,
				28716DD51D702BAA00BAF1D7 /* Info.plist */,
			);
			path = LSLaunchADUITests;
			sourceTree = "<group>";
		};
		28716DE11D702D6900BAF1D7 /* LSLaunchAD */ = {
			isa = PBXGroup;
			children = (
				28716DE21D702D7300BAF1D7 /* LSLaunchAD.h */,
				28716DE31D702D7300BAF1D7 /* LSLaunchAD.m */,
			);
			path = LSLaunchAD;
			sourceTree = "<group>";
		};
		28716E111D703B4C00BAF1D7 /* SDWebImage */ = {
			isa = PBXGroup;
			children = (
				28716E121D703B4C00BAF1D7 /* LICENSE */,
				28716E131D703B4C00BAF1D7 /* README.md */,
				28716E141D703B4C00BAF1D7 /* SDWebImage */,
			);
			path = SDWebImage;
			sourceTree = "<group>";
		};
		28716E141D703B4C00BAF1D7 /* SDWebImage */ = {
			isa = PBXGroup;
			children = (
				28716E151D703B4C00BAF1D7 /* NSData+ImageContentType.h */,
				28716E161D703B4C00BAF1D7 /* NSData+ImageContentType.m */,
				28716E171D703B4C00BAF1D7 /* SDImageCache.h */,
				28716E181D703B4C00BAF1D7 /* SDImageCache.m */,
				28716E191D703B4C00BAF1D7 /* SDWebImageCompat.h */,
				28716E1A1D703B4C00BAF1D7 /* SDWebImageCompat.m */,
				28716E1B1D703B4C00BAF1D7 /* SDWebImageDecoder.h */,
				28716E1C1D703B4C00BAF1D7 /* SDWebImageDecoder.m */,
				28716E1D1D703B4C00BAF1D7 /* SDWebImageDownloader.h */,
				28716E1E1D703B4C00BAF1D7 /* SDWebImageDownloader.m */,
				28716E1F1D703B4C00BAF1D7 /* SDWebImageDownloaderOperation.h */,
				28716E201D703B4C00BAF1D7 /* SDWebImageDownloaderOperation.m */,
				28716E211D703B4C00BAF1D7 /* SDWebImageManager.h */,
				28716E221D703B4C00BAF1D7 /* SDWebImageManager.m */,
				28716E231D703B4C00BAF1D7 /* SDWebImageOperation.h */,
				28716E241D703B4C00BAF1D7 /* SDWebImagePrefetcher.h */,
				28716E251D703B4C00BAF1D7 /* SDWebImagePrefetcher.m */,
				28716E261D703B4C00BAF1D7 /* UIButton+WebCache.h */,
				28716E271D703B4C00BAF1D7 /* UIButton+WebCache.m */,
				28716E281D703B4C00BAF1D7 /* UIImage+GIF.h */,
				28716E291D703B4C00BAF1D7 /* UIImage+GIF.m */,
				28716E2A1D703B4C00BAF1D7 /* UIImage+MultiFormat.h */,
				28716E2B1D703B4C00BAF1D7 /* UIImage+MultiFormat.m */,
				28716E2C1D703B4C00BAF1D7 /* UIImageView+HighlightedWebCache.h */,
				28716E2D1D703B4C00BAF1D7 /* UIImageView+HighlightedWebCache.m */,
				28716E2E1D703B4C00BAF1D7 /* UIImageView+WebCache.h */,
				28716E2F1D703B4C00BAF1D7 /* UIImageView+WebCache.m */,
				28716E301D703B4C00BAF1D7 /* UIView+WebCacheOperation.h */,
				28716E311D703B4C00BAF1D7 /* UIView+WebCacheOperation.m */,
			);
			path = SDWebImage;
			sourceTree = "<group>";
		};
/* End PBXGroup section */

/* Begin PBXNativeTarget section */
		28716DAA1D702BA900BAF1D7 /* LSLaunchAD */ = {
			isa = PBXNativeTarget;
			buildConfigurationList = 28716DD81D702BAA00BAF1D7 /* Build configuration list for PBXNativeTarget "LSLaunchAD" */;
			buildPhases = (
				28716DA71D702BA900BAF1D7 /* Sources */,
				28716DA81D702BA900BAF1D7 /* Frameworks */,
				28716DA91D702BA900BAF1D7 /* Resources */,
			);
			buildRules = (
			);
			dependencies = (
			);
			name = LSLaunchAD;
			productName = LSLaunchAD;
			productReference = 28716DAB1D702BA900BAF1D7 /* LSLaunchAD.app */;
			productType = "com.apple.product-type.application";
		};
		28716DC31D702BA900BAF1D7 /* LSLaunchADTests */ = {
			isa = PBXNativeTarget;
			buildConfigurationList = 28716DDB1D702BAA00BAF1D7 /* Build configuration list for PBXNativeTarget "LSLaunchADTests" */;
			buildPhases = (
				28716DC01D702BA900BAF1D7 /* Sources */,
				28716DC11D702BA900BAF1D7 /* Frameworks */,
				28716DC21D702BA900BAF1D7 /* Resources */,
			);
			buildRules = (
			);
			dependencies = (
				28716DC61D702BA900BAF1D7 /* PBXTargetDependency */,
			);
			name = LSLaunchADTests;
			productName = LSLaunchADTests;
			productReference = 28716DC41D702BA900BAF1D7 /* LSLaunchADTests.xctest */;
			productType = "com.apple.product-type.bundle.unit-test";
		};
		28716DCE1D702BA900BAF1D7 /* LSLaunchADUITests */ = {
			isa = PBXNativeTarget;
			buildConfigurationList = 28716DDE1D702BAA00BAF1D7 /* Build configuration list for PBXNativeTarget "LSLaunchADUITests" */;
			buildPhases = (
				28716DCB1D702BA900BAF1D7 /* Sources */,
				28716DCC1D702BA900BAF1D7 /* Frameworks */,
				28716DCD1D702BA900BAF1D7 /* Resources */,
			);
			buildRules = (
			);
			dependencies = (
				28716DD11D702BA900BAF1D7 /* PBXTargetDependency */,
			);
			name = LSLaunchADUITests;
			productName = LSLaunchADUITests;
			productReference = 28716DCF1D702BA900BAF1D7 /* LSLaunchADUITests.xctest */;
			productType = "com.apple.product-type.bundle.ui-testing";
		};
/* End PBXNativeTarget section */

/* Begin PBXProject section */
		28716DA31D702BA900BAF1D7 /* Project object */ = {
			isa = PBXProject;
			attributes = {
				LastUpgradeCheck = 0730;
				ORGANIZATIONNAME = liusong;
				TargetAttributes = {
					28716DAA1D702BA900BAF1D7 = {
						CreatedOnToolsVersion = 7.3.1;
					};
					28716DC31D702BA900BAF1D7 = {
						CreatedOnToolsVersion = 7.3.1;
						TestTargetID = 28716DAA1D702BA900BAF1D7;
					};
					28716DCE1D702BA900BAF1D7 = {
						CreatedOnToolsVersion = 7.3.1;
						TestTargetID = 28716DAA1D702BA900BAF1D7;
					};
				};
			};
			buildConfigurationList = 28716DA61D702BA900BAF1D7 /* Build configuration list for PBXProject "LSLaunchAD" */;
			compatibilityVersion = "Xcode 3.2";
			developmentRegion = English;
			hasScannedForEncodings = 0;
			knownRegions = (
				en,
				Base,
			);
			mainGroup = 28716DA21D702BA900BAF1D7;
			productRefGroup = 28716DAC1D702BA900BAF1D7 /* Products */;
			projectDirPath = "";
			projectRoot = "";
			targets = (
				28716DAA1D702BA900BAF1D7 /* LSLaunchAD */,
				28716DC31D702BA900BAF1D7 /* LSLaunchADTests */,
				28716DCE1D702BA900BAF1D7 /* LSLaunchADUITests */,
			);
		};
/* End PBXProject section */

/* Begin PBXResourcesBuildPhase section */
		28716DA91D702BA900BAF1D7 /* Resources */ = {
			isa = PBXResourcesBuildPhase;
			buildActionMask = 2147483647;
			files = (
				28716DBE1D702BA900BAF1D7 /* LaunchScreen.storyboard in Resources */,
				28716DBB1D702BA900BAF1D7 /* Assets.xcassets in Resources */,
				28716E321D703B4C00BAF1D7 /* LICENSE in Resources */,
				28716DB91D702BA900BAF1D7 /* Main.storyboard in Resources */,
			);
			runOnlyForDeploymentPostprocessing = 0;
		};
		28716DC21D702BA900BAF1D7 /* Resources */ = {
			isa = PBXResourcesBuildPhase;
			buildActionMask = 2147483647;
			files = (
			);
			runOnlyForDeploymentPostprocessing = 0;
		};
		28716DCD1D702BA900BAF1D7 /* Resources */ = {
			isa = PBXResourcesBuildPhase;
			buildActionMask = 2147483647;
			files = (
			);
			runOnlyForDeploymentPostprocessing = 0;
		};
/* End PBXResourcesBuildPhase section */

/* Begin PBXSourcesBuildPhase section */
		28716DA71D702BA900BAF1D7 /* Sources */ = {
			isa = PBXSourcesBuildPhase;
			buildActionMask = 2147483647;
			files = (
				28716E3F1D703B4C00BAF1D7 /* UIImageView+HighlightedWebCache.m in Sources */,
				28716E3E1D703B4C00BAF1D7 /* UIImage+MultiFormat.m in Sources */,
				28716E391D703B4C00BAF1D7 /* SDWebImageDownloaderOperation.m in Sources */,
				28716DB61D702BA900BAF1D7 /* ViewController.m in Sources */,
				28716E361D703B4C00BAF1D7 /* SDWebImageCompat.m in Sources */,
				28716E411D703B4C00BAF1D7 /* UIView+WebCacheOperation.m in Sources */,
				28716E3D1D703B4C00BAF1D7 /* UIImage+GIF.m in Sources */,
				28716E3B1D703B4C00BAF1D7 /* SDWebImagePrefetcher.m in Sources */,
				28716DB31D702BA900BAF1D7 /* AppDelegate.m in Sources */,
				28716E331D703B4C00BAF1D7 /* README.md in Sources */,
				28716E381D703B4C00BAF1D7 /* SDWebImageDownloader.m in Sources */,
				28716E3C1D703B4C00BAF1D7 /* UIButton+WebCache.m in Sources */,
				28716DE41D702D7300BAF1D7 /* LSLaunchAD.m in Sources */,
				28716E341D703B4C00BAF1D7 /* NSData+ImageContentType.m in Sources */,
				28716DB01D702BA900BAF1D7 /* main.m in Sources */,
				28716E401D703B4C00BAF1D7 /* UIImageView+WebCache.m in Sources */,
				28716E3A1D703B4C00BAF1D7 /* SDWebImageManager.m in Sources */,
				28716E371D703B4C00BAF1D7 /* SDWebImageDecoder.m in Sources */,
				28716E351D703B4C00BAF1D7 /* SDImageCache.m in Sources */,
			);
			runOnlyForDeploymentPostprocessing = 0;
		};
		28716DC01D702BA900BAF1D7 /* Sources */ = {
			isa = PBXSourcesBuildPhase;
			buildActionMask = 2147483647;
			files = (
				28716DC91D702BA900BAF1D7 /* LSLaunchADTests.m in Sources */,
			);
			runOnlyForDeploymentPostprocessing = 0;
		};
		28716DCB1D702BA900BAF1D7 /* Sources */ = {
			isa = PBXSourcesBuildPhase;
			buildActionMask = 2147483647;
			files = (
				28716DD41D702BAA00BAF1D7 /* LSLaunchADUITests.m in Sources */,
			);
			runOnlyForDeploymentPostprocessing = 0;
		};
/* End PBXSourcesBuildPhase section */

/* Begin PBXTargetDependency section */
		28716DC61D702BA900BAF1D7 /* PBXTargetDependency */ = {
			isa = PBXTargetDependency;
			target = 28716DAA1D702BA900BAF1D7 /* LSLaunchAD */;
			targetProxy = 28716DC51D702BA900BAF1D7 /* PBXContainerItemProxy */;
		};
		28716DD11D702BA900BAF1D7 /* PBXTargetDependency */ = {
			isa = PBXTargetDependency;
			target = 28716DAA1D702BA900BAF1D7 /* LSLaunchAD */;
			targetProxy = 28716DD01D702BA900BAF1D7 /* PBXContainerItemProxy */;
		};
/* End PBXTargetDependency section */

/* Begin PBXVariantGroup section */
		28716DB71D702BA900BAF1D7 /* Main.storyboard */ = {
			isa = PBXVariantGroup;
			children = (
				28716DB81D702BA900BAF1D7 /* Base */,
			);
			name = Main.storyboard;
			sourceTree = "<group>";
		};
		28716DBC1D702BA900BAF1D7 /* LaunchScreen.storyboard */ = {
			isa = PBXVariantGroup;
			children = (
				28716DBD1D702BA900BAF1D7 /* Base */,
			);
			name = LaunchScreen.storyboard;
			sourceTree = "<group>";
		};
/* End PBXVariantGroup section */

/* Begin XCBuildConfiguration section */
		28716DD61D702BAA00BAF1D7 /* Debug */ = {
			isa = XCBuildConfiguration;
			buildSettings = {
				ALWAYS_SEARCH_USER_PATHS = NO;
				CLANG_ANALYZER_NONNULL = YES;
				CLANG_CXX_LANGUAGE_STANDARD = "gnu++0x";
				CLANG_CXX_LIBRARY = "libc++";
				CLANG_ENABLE_MODULES = YES;
				CLANG_ENABLE_OBJC_ARC = YES;
				CLANG_WARN_BOOL_CONVERSION = YES;
				CLANG_WARN_CONSTANT_CONVERSION = YES;
				CLANG_WARN_DIRECT_OBJC_ISA_USAGE = YES_ERROR;
				CLANG_WARN_EMPTY_BODY = YES;
				CLANG_WARN_ENUM_CONVERSION = YES;
				CLANG_WARN_INT_CONVERSION = YES;
				CLANG_WARN_OBJC_ROOT_CLASS = YES_ERROR;
				CLANG_WARN_UNREACHABLE_CODE = YES;
				CLANG_WARN__DUPLICATE_METHOD_MATCH = YES;
				"CODE_SIGN_IDENTITY[sdk=iphoneos*]" = "iPhone Developer";
				COPY_PHASE_STRIP = NO;
				DEBUG_INFORMATION_FORMAT = dwarf;
				ENABLE_STRICT_OBJC_MSGSEND = YES;
				ENABLE_TESTABILITY = YES;
				GCC_C_LANGUAGE_STANDARD = gnu99;
				GCC_DYNAMIC_NO_PIC = NO;
				GCC_NO_COMMON_BLOCKS = YES;
				GCC_OPTIMIZATION_LEVEL = 0;
				GCC_PREPROCESSOR_DEFINITIONS = (
					"DEBUG=1",
					"$(inherited)",
				);
				GCC_WARN_64_TO_32_BIT_CONVERSION = YES;
				GCC_WARN_ABOUT_RETURN_TYPE = YES_ERROR;
				GCC_WARN_UNDECLARED_SELECTOR = YES;
				GCC_WARN_UNINITIALIZED_AUTOS = YES_AGGRESSIVE;
				GCC_WARN_UNUSED_FUNCTION = YES;
				GCC_WARN_UNUSED_VARIABLE = YES;
				IPHONEOS_DEPLOYMENT_TARGET = 9.3;
				MTL_ENABLE_DEBUG_INFO = YES;
				ONLY_ACTIVE_ARCH = YES;
				SDKROOT = iphoneos;
			};
			name = Debug;
		};
		28716DD71D702BAA00BAF1D7 /* Release */ = {
			isa = XCBuildConfiguration;
			buildSettings = {
				ALWAYS_SEARCH_USER_PATHS = NO;
				CLANG_ANALYZER_NONNULL = YES;
				CLANG_CXX_LANGUAGE_STANDARD = "gnu++0x";
				CLANG_CXX_LIBRARY = "libc++";
				CLANG_ENABLE_MODULES = YES;
				CLANG_ENABLE_OBJC_ARC = YES;
				CLANG_WARN_BOOL_CONVERSION = YES;
				CLANG_WARN_CONSTANT_CONVERSION = YES;
				CLANG_WARN_DIRECT_OBJC_ISA_USAGE = YES_ERROR;
				CLANG_WARN_EMPTY_BODY = YES;
				CLANG_WARN_ENUM_CONVERSION = YES;
				CLANG_WARN_INT_CONVERSION = YES;
				CLANG_WARN_OBJC_ROOT_CLASS = YES_ERROR;
				CLANG_WARN_UNREACHABLE_CODE = YES;
				CLANG_WARN__DUPLICATE_METHOD_MATCH = YES;
				"CODE_SIGN_IDENTITY[sdk=iphoneos*]" = "iPhone Developer";
				COPY_PHASE_STRIP = NO;
				DEBUG_INFORMATION_FORMAT = "dwarf-with-dsym";
				ENABLE_NS_ASSERTIONS = NO;
				ENABLE_STRICT_OBJC_MSGSEND = YES;
				GCC_C_LANGUAGE_STANDARD = gnu99;
				GCC_NO_COMMON_BLOCKS = YES;
				GCC_WARN_64_TO_32_BIT_CONVERSION = YES;
				GCC_WARN_ABOUT_RETURN_TYPE = YES_ERROR;
				GCC_WARN_UNDECLARED_SELECTOR = YES;
				GCC_WARN_UNINITIALIZED_AUTOS = YES_AGGRESSIVE;
				GCC_WARN_UNUSED_FUNCTION = YES;
				GCC_WARN_UNUSED_VARIABLE = YES;
				IPHONEOS_DEPLOYMENT_TARGET = 9.3;
				MTL_ENABLE_DEBUG_INFO = NO;
				SDKROOT = iphoneos;
				VALIDATE_PRODUCT = YES;
			};
			name = Release;
		};
		28716DD91D702BAA00BAF1D7 /* Debug */ = {
			isa = XCBuildConfiguration;
			buildSettings = {
				ASSETCATALOG_COMPILER_APPICON_NAME = AppIcon;
				ASSETCATALOG_COMPILER_LAUNCHIMAGE_NAME = LaunchImage;
				INFOPLIST_FILE = LSLaunchAD/Info.plist;
				IPHONEOS_DEPLOYMENT_TARGET = 7.0;
				LD_RUNPATH_SEARCH_PATHS = "$(inherited) @executable_path/Frameworks";
				PRODUCT_BUNDLE_IDENTIFIER = com.kuaichengwuliu.LSLaunchAD;
				PRODUCT_NAME = "$(TARGET_NAME)";
			};
			name = Debug;
		};
		28716DDA1D702BAA00BAF1D7 /* Release */ = {
			isa = XCBuildConfiguration;
			buildSettings = {
				ASSETCATALOG_COMPILER_APPICON_NAME = AppIcon;
				ASSETCATALOG_COMPILER_LAUNCHIMAGE_NAME = LaunchImage;
				INFOPLIST_FILE = LSLaunchAD/Info.plist;
				IPHONEOS_DEPLOYMENT_TARGET = 7.0;
				LD_RUNPATH_SEARCH_PATHS = "$(inherited) @executable_path/Frameworks";
				PRODUCT_BUNDLE_IDENTIFIER = com.kuaichengwuliu.LSLaunchAD;
				PRODUCT_NAME = "$(TARGET_NAME)";
			};
			name = Release;
		};
		28716DDC1D702BAA00BAF1D7 /* Debug */ = {
			isa = XCBuildConfiguration;
			buildSettings = {
				BUNDLE_LOADER = "$(TEST_HOST)";
				INFOPLIST_FILE = LSLaunchADTests/Info.plist;
				LD_RUNPATH_SEARCH_PATHS = "$(inherited) @executable_path/Frameworks @loader_path/Frameworks";
				PRODUCT_BUNDLE_IDENTIFIER = com.kuaichengwuliu.LSLaunchADTests;
				PRODUCT_NAME = "$(TARGET_NAME)";
				TEST_HOST = "$(BUILT_PRODUCTS_DIR)/LSLaunchAD.app/LSLaunchAD";
			};
			name = Debug;
		};
		28716DDD1D702BAA00BAF1D7 /* Release */ = {
			isa = XCBuildConfiguration;
			buildSettings = {
				BUNDLE_LOADER = "$(TEST_HOST)";
				INFOPLIST_FILE = LSLaunchADTests/Info.plist;
				LD_RUNPATH_SEARCH_PATHS = "$(inherited) @executable_path/Frameworks @loader_path/Frameworks";
				PRODUCT_BUNDLE_IDENTIFIER = com.kuaichengwuliu.LSLaunchADTests;
				PRODUCT_NAME = "$(TARGET_NAME)";
				TEST_HOST = "$(BUILT_PRODUCTS_DIR)/LSLaunchAD.app/LSLaunchAD";
			};
			name = Release;
		};
		28716DDF1D702BAA00BAF1D7 /* Debug */ = {
			isa = XCBuildConfiguration;
			buildSettings = {
				INFOPLIST_FILE = LSLaunchADUITests/Info.plist;
				LD_RUNPATH_SEARCH_PATHS = "$(inherited) @executable_path/Frameworks @loader_path/Frameworks";
				PRODUCT_BUNDLE_IDENTIFIER = com.kuaichengwuliu.LSLaunchADUITests;
				PRODUCT_NAME = "$(TARGET_NAME)";
				TEST_TARGET_NAME = LSLaunchAD;
			};
			name = Debug;
		};
		28716DE01D702BAA00BAF1D7 /* Release */ = {
			isa = XCBuildConfiguration;
			buildSettings = {
				INFOPLIST_FILE = LSLaunchADUITests/Info.plist;
				LD_RUNPATH_SEARCH_PATHS = "$(inherited) @executable_path/Frameworks @loader_path/Frameworks";
				PRODUCT_BUNDLE_IDENTIFIER = com.kuaichengwuliu.LSLaunchADUITests;
				PRODUCT_NAME = "$(TARGET_NAME)";
				TEST_TARGET_NAME = LSLaunchAD;
			};
			name = Release;
		};
/* End XCBuildConfiguration section */

/* Begin XCConfigurationList section */
		28716DA61D702BA900BAF1D7 /* Build configuration list for PBXProject "LSLaunchAD" */ = {
			isa = XCConfigurationList;
			buildConfigurations = (
				28716DD61D702BAA00BAF1D7 /* Debug */,
				28716DD71D702BAA00BAF1D7 /* Release */,
			);
			defaultConfigurationIsVisible = 0;
			defaultConfigurationName = Release;
		};
		28716DD81D702BAA00BAF1D7 /* Build configuration list for PBXNativeTarget "LSLaunchAD" */ = {
			isa = XCConfigurationList;
			buildConfigurations = (
				28716DD91D702BAA00BAF1D7 /* Debug */,
				28716DDA1D702BAA00BAF1D7 /* Release */,
			);
			defaultConfigurationIsVisible = 0;
		};
		28716DDB1D702BAA00BAF1D7 /* Build configuration list for PBXNativeTarget "LSLaunchADTests" */ = {
			isa = XCConfigurationList;
			buildConfigurations = (
				28716DDC1D702BAA00BAF1D7 /* Debug */,
				28716DDD1D702BAA00BAF1D7 /* Release */,
			);
			defaultConfigurationIsVisible = 0;
		};
		28716DDE1D702BAA00BAF1D7 /* Build configuration list for PBXNativeTarget "LSLaunchADUITests" */ = {
			isa = XCConfigurationList;
			buildConfigurations = (
				28716DDF1D702BAA00BAF1D7 /* Debug */,
				28716DE01D702BAA00BAF1D7 /* Release */,
			);
			defaultConfigurationIsVisible = 0;
		};
/* End XCConfigurationList section */
	};
	rootObject = 28716DA31D702BA900BAF1D7 /* Project object */;
}
